<?xml version="1.0" encoding="utf-8"?>
<Project ToolsVersion="4.0" xmlns="http://schemas.microsoft.com/developer/msbuild/2003">
  <ItemGroup>
    <Filter Include="component">
      <UniqueIdentifier>{b5688012-18e0-4d9b-94aa-1a832c3c6f5f}</UniqueIdentifier>
    </Filter>
    <Filter Include="system">
      <UniqueIdentifier>{978b9a46-d0fb-4a6d-ac95-93db6d4e90a5}</UniqueIdentifier>
    </Filter>
    <Filter Include="system\graphics">
      <UniqueIdentifier>{74867d2f-f1b0-405d-aaab-a8daf63782bb}</UniqueIdentifier>
    </Filter>
    <Filter Include="system\graphics\model">
      <UniqueIdentifier>{43bd17fb-daa1-4eb1-abf5-585ff43622df}</UniqueIdentifier>
    </Filter>
    <Filter Include="system\graphics\shader">
      <UniqueIdentifier>{5719a682-42c5-455c-964b-9ccf1a25f088}</UniqueIdentifier>
    </Filter>
    <Filter Include="engine">
      <UniqueIdentifier>{9e84f975-e915-4674-a3d2-10558e6cd8c9}</UniqueIdentifier>
    </Filter>
    <Filter Include="component\components">
      <UniqueIdentifier>{b479b50d-8ab7-4088-ba97-7a0ee8fee8ef}</UniqueIdentifier>
    </Filter>
    <Filter Include="factory">
      <UniqueIdentifier>{4207f079-648b-4cb1-b777-60f6a657efb5}</UniqueIdentifier>
    </Filter>
    <Filter Include="serializer">
      <UniqueIdentifier>{0672bc3c-d621-442e-a619-b6ee38099f89}</UniqueIdentifier>
    </Filter>
    <Filter Include="system\graphics\texture">
      <UniqueIdentifier>{349d97e8-42db-4c30-9351-402d182619f1}</UniqueIdentifier>
    </Filter>
    <Filter Include="math">
      <UniqueIdentifier>{376b98e1-1468-4e6e-a190-9e870a6eb60e}</UniqueIdentifier>
    </Filter>
    <Filter Include="system\graphics\model\shapes">
      <UniqueIdentifier>{65238a22-c437-404e-8154-fe51131ebd39}</UniqueIdentifier>
    </Filter>
    <Filter Include="vendors">
      <UniqueIdentifier>{9fefa42c-4326-43fe-a374-a91887a8a88f}</UniqueIdentifier>
    </Filter>
    <Filter Include="vendors\imgui">
      <UniqueIdentifier>{9b0cac1b-a4a5-4eb8-8dcc-9dd4542d0ad7}</UniqueIdentifier>
    </Filter>
    <Filter Include="managers">
      <UniqueIdentifier>{05a7a11d-6e77-46fa-ad4b-eed85a258ab0}</UniqueIdentifier>
    </Filter>
  </ItemGroup>
  <ItemGroup>
    <ClCompile Include="src\glad.c" />
    <ClCompile Include="src\Shader.cpp">
      <Filter>system\graphics\shader</Filter>
    </ClCompile>
    <ClCompile Include="src\ShaderProgram.cpp">
      <Filter>system\graphics\shader</Filter>
    </ClCompile>
    <ClCompile Include="src\Model.cpp">
      <Filter>system\graphics\model</Filter>
    </ClCompile>
    <ClCompile Include="src\Vertex.cpp">
      <Filter>system\graphics\model</Filter>
    </ClCompile>
    <ClCompile Include="src\InputSystem.cpp">
      <Filter>system</Filter>
    </ClCompile>
    <ClCompile Include="src\WindowSystem.cpp">
      <Filter>system</Filter>
    </ClCompile>
    <ClCompile Include="src\GraphicSystem.cpp">
      <Filter>system\graphics</Filter>
    </ClCompile>
    <ClCompile Include="src\main.cpp" />
    <ClCompile Include="src\Engine.cpp">
      <Filter>engine</Filter>
    </ClCompile>
    <ClCompile Include="src\EntityFactory.cpp">
      <Filter>factory</Filter>
    </ClCompile>
    <ClCompile Include="src\Serializer.cpp">
      <Filter>serializer</Filter>
    </ClCompile>
    <ClCompile Include="src\Vec3f.cpp">
      <Filter>math</Filter>
    </ClCompile>
    <ClCompile Include="src\Vec2f.cpp">
      <Filter>math</Filter>
    </ClCompile>
    <ClCompile Include="src\Vec4f.cpp">
      <Filter>math</Filter>
    </ClCompile>
    <ClCompile Include="src\Shape.cpp">
      <Filter>system\graphics\model</Filter>
    </ClCompile>
    <ClCompile Include="src\BasicShape.cpp">
      <Filter>system\graphics\model\shapes</Filter>
    </ClCompile>
    <ClCompile Include="src\CuboidShape.cpp">
      <Filter>system\graphics\model\shapes</Filter>
    </ClCompile>
    <ClCompile Include="src\Mesh.cpp">
      <Filter>system\graphics\model</Filter>
    </ClCompile>
    <ClCompile Include="src\AnimationSystem.cpp">
      <Filter>system</Filter>
    </ClCompile>
    <ClCompile Include="src\vendors\imgui\imgui.cpp">
      <Filter>vendors\imgui</Filter>
    </ClCompile>
    <ClCompile Include="src\vendors\imgui\imgui_demo.cpp">
      <Filter>vendors\imgui</Filter>
    </ClCompile>
    <ClCompile Include="src\vendors\imgui\imgui_draw.cpp">
      <Filter>vendors\imgui</Filter>
    </ClCompile>
    <ClCompile Include="src\vendors\imgui\imgui_impl_glfw.cpp">
      <Filter>vendors\imgui</Filter>
    </ClCompile>
    <ClCompile Include="src\vendors\imgui\imgui_impl_opengl3.cpp">
      <Filter>vendors\imgui</Filter>
    </ClCompile>
    <ClCompile Include="src\vendors\imgui\imgui_tables.cpp">
      <Filter>vendors\imgui</Filter>
    </ClCompile>
    <ClCompile Include="src\vendors\imgui\imgui_widgets.cpp">
      <Filter>vendors\imgui</Filter>
    </ClCompile>
    <ClCompile Include="src\ResourceManager.cpp">
      <Filter>managers</Filter>
    </ClCompile>
    <ClCompile Include="src\LevelManager.cpp">
      <Filter>managers</Filter>
    </ClCompile>
    <ClCompile Include="src\EntityManager.cpp">
      <Filter>managers</Filter>
    </ClCompile>
    <ClCompile Include="src\ComponentManager.cpp">
      <Filter>managers</Filter>
    </ClCompile>
    <ClCompile Include="src\FunImGuiSystem.cpp">
      <Filter>system</Filter>
    </ClCompile>
    <ClCompile Include="src\Configuration.cpp">
      <Filter>engine</Filter>
    </ClCompile>
    <ClCompile Include="src\ModelComponent.cpp">
      <Filter>component\components</Filter>
    </ClCompile>
    <ClCompile Include="src\Transform.cpp">
      <Filter>component\components</Filter>
    </ClCompile>
    <ClCompile Include="src\Button.cpp">
      <Filter>component\components</Filter>
    </ClCompile>
    <ClCompile Include="src\Camera.cpp">
      <Filter>component\components</Filter>
    </ClCompile>
    <ClCompile Include="src\Color.cpp">
      <Filter>component\components</Filter>
    </ClCompile>
    <ClCompile Include="src\Sprite.cpp">
      <Filter>component\components</Filter>
    </ClCompile>
    <ClCompile Include="src\Framebuffer.cpp">
      <Filter>system\graphics</Filter>
    </ClCompile>
  </ItemGroup>
  <ItemGroup>
    <ClInclude Include="src\Component.h">
      <Filter>component</Filter>
    </ClInclude>
    <ClInclude Include="src\InputSystem.h">
      <Filter>system</Filter>
    </ClInclude>
    <ClInclude Include="src\System.h">
      <Filter>system</Filter>
    </ClInclude>
    <ClInclude Include="src\ShaderProgram.h">
      <Filter>system\graphics\shader</Filter>
    </ClInclude>
    <ClInclude Include="src\Vertex.h">
      <Filter>system\graphics\model</Filter>
    </ClInclude>
    <ClInclude Include="src\WindowSystem.h">
      <Filter>system</Filter>
    </ClInclude>
    <ClInclude Include="src\pch.h" />
    <ClInclude Include="src\GraphicSystem.h">
      <Filter>system\graphics</Filter>
    </ClInclude>
    <ClInclude Include="src\Engine.h">
      <Filter>engine</Filter>
    </ClInclude>
    <ClInclude Include="src\Exceptions.h">
      <Filter>engine</Filter>
    </ClInclude>
    <ClInclude Include="src\Shader.h">
      <Filter>system\graphics\shader</Filter>
    </ClInclude>
    <ClInclude Include="src\Model.h">
      <Filter>system\graphics\model</Filter>
    </ClInclude>
    <ClInclude Include="src\Camera.h">
      <Filter>component\components</Filter>
    </ClInclude>
    <ClInclude Include="src\Transform.h">
      <Filter>component\components</Filter>
    </ClInclude>
    <ClInclude Include="src\ComponentCreator.h">
      <Filter>component</Filter>
    </ClInclude>
    <ClInclude Include="src\EntityFactory.h">
      <Filter>factory</Filter>
    </ClInclude>
    <ClInclude Include="src\Serializer.h">
      <Filter>serializer</Filter>
    </ClInclude>
    <ClInclude Include="src\Color.h">
      <Filter>component\components</Filter>
    </ClInclude>
    <ClInclude Include="src\ModelComponent.h">
      <Filter>component\components</Filter>
    </ClInclude>
    <ClInclude Include="src\Button.h">
      <Filter>component\components</Filter>
    </ClInclude>
    <ClInclude Include="src\Texture.h">
      <Filter>system\graphics\texture</Filter>
    </ClInclude>
    <ClInclude Include="src\Sprite.h">
      <Filter>component\components</Filter>
    </ClInclude>
    <ClInclude Include="src\Vec2f.h">
      <Filter>math</Filter>
    </ClInclude>
    <ClInclude Include="src\Vec3f.h">
      <Filter>math</Filter>
    </ClInclude>
    <ClInclude Include="src\Shape.h">
      <Filter>system\graphics\model</Filter>
    </ClInclude>
    <ClInclude Include="src\Vec4f.h">
      <Filter>math</Filter>
    </ClInclude>
    <ClInclude Include="src\BasicShape.h">
      <Filter>system\graphics\model\shapes</Filter>
    </ClInclude>
    <ClInclude Include="src\CuboidShape.h">
      <Filter>system\graphics\model\shapes</Filter>
    </ClInclude>
    <ClInclude Include="src\Mesh.h">
      <Filter>system\graphics\model</Filter>
    </ClInclude>
    <ClInclude Include="src\AnimationSystem.h">
      <Filter>system</Filter>
    </ClInclude>
    <ClInclude Include="src\FunImGuiSystem.h">
      <Filter>system</Filter>
    </ClInclude>
    <ClInclude Include="src\ResourceManager.h">
      <Filter>managers</Filter>
    </ClInclude>
    <ClInclude Include="src\LevelManager.h">
      <Filter>managers</Filter>
    </ClInclude>
    <ClInclude Include="src\EntityManager.h">
      <Filter>managers</Filter>
    </ClInclude>
    <ClInclude Include="src\ComponentManager.h">
      <Filter>managers</Filter>
    </ClInclude>
    <ClInclude Include="src\Configuration.h">
      <Filter>engine</Filter>
    </ClInclude>
    <ClInclude Include="src\Types.h">
      <Filter>engine</Filter>
    </ClInclude>
    <ClInclude Include="src\Framebuffer.h">
      <Filter>system\graphics</Filter>
    </ClInclude>
  </ItemGroup>
</Project>